
Microsoft Visual Studio Solution File, Format Version 12.00
# Visual Studio 15
VisualStudioVersion = 15.0.26430.15
MinimumVisualStudioVersion = 10.0.40219.1
Project("{FAE04EC0-301F-11D3-BF4B-00C04F79EFBC}") = "Iteration2", "Iteration2\Iteration2.csproj", "{C96D002A-FF30-44DA-A5AB-C52678EF8CD0}"
EndProject
Project("{FAE04EC0-301F-11D3-BF4B-00C04F79EFBC}") = "Library", "ClassLibrary1\Library.csproj", "{91D76DDB-E3B4-4440-BA42-3C00047D5507}"
EndProject
Project("{FAE04EC0-301F-11D3-BF4B-00C04F79EFBC}") = "WindowTransport", "windowTransport\WindowTransport.csproj", "{70102C86-7B96-4A2A-B804-AB4A68A31FB9}"
EndProject
Global
	GlobalSection(SolutionConfigurationPlatforms) = preSolution
		Debug|Any CPU = Debug|Any CPU
		Release|Any CPU = Release|Any CPU
	EndGlobalSection
	GlobalSection(ProjectConfigurationPlatforms) = postSolution
		{C96D002A-FF30-44DA-A5AB-C52678EF8CD0}.Debug|Any CPU.ActiveCfg = Debug|Any CPU
		{C96D002A-FF30-44DA-A5AB-C52678EF8CD0}.Debug|Any CPU.Build.0 = Debug|Any CPU
		{C96D002A-FF30-44DA-A5AB-C52678EF8CD0}.Release|Any CPU.ActiveCfg = Release|Any CPU
		{C96D002A-FF30-44DA-A5AB-C52678EF8CD0}.Release|Any CPU.Build.0 = Release|Any CPU
		{91D76DDB-E3B4-4440-BA42-3C00047D5507}.Debug|Any CPU.ActiveCfg = Debug|Any CPU
		{91D76DDB-E3B4-4440-BA42-3C00047D5507}.Debug|Any CPU.Build.0 = Debug|Any CPU
		{91D76DDB-E3B4-4440-BA42-3C00047D5507}.Release|Any CPU.ActiveCfg = Release|Any CPU
		{91D76DDB-E3B4-4440-BA42-3C00047D5507}.Release|Any CPU.Build.0 = Release|Any CPU
		{70102C86-7B96-4A2A-B804-AB4A68A31FB9}.Debug|Any CPU.ActiveCfg = Debug|Any CPU
		{70102C86-7B96-4A2A-B804-AB4A68A31FB9}.Debug|Any CPU.Build.0 = Debug|Any CPU
		{70102C86-7B96-4A2A-B804-AB4A68A31FB9}.Release|Any CPU.ActiveCfg = Release|Any CPU
		{70102C86-7B96-4A2A-B804-AB4A68A31FB9}.Release|Any CPU.Build.0 = Release|Any CPU
	EndGlobalSection
	GlobalSection(SolutionProperties) = preSolution
		HideSolutionNode = FALSE
	EndGlobalSection
EndGlobal
